PODS:
  - Alamofire (1.3.0)
  - CryptoSwift (0.0.13)
  - SwiftyJSON (2.2.1)

DEPENDENCIES:
  - Alamofire (~> 1.3)
  - CryptoSwift (~> 0.0.13)
  - SwiftyJSON (~> 2.2.1)

SPEC CHECKSUMS:
  Alamofire: 220403a8d5840e0b4c946a6fbaf209dbca124282
  CryptoSwift: 33e2ba400d514a054c69e9f9f6c08a992e42f91c
  SwiftyJSON: ae2d0a3d68025d136602a33c4ee215091ced3e33

COCOAPODS: 0.38.2
