// !$*UTF8*$!
{
	archiveVersion = 1;
	classes = {
	};
	objectVersion = 46;
	objects = {

/* Begin PBXBuildFile section */
		83407AB51B80219E00F1F343 /* AppDelegate.swift in Sources */ = {isa = PBXBuildFile; fileRef = 83407AB41B80219E00F1F343 /* AppDelegate.swift */; };
		83407AB71B80219E00F1F343 /* ForumViewController.swift in Sources */ = {isa = PBXBuildFile; fileRef = 83407AB61B80219E00F1F343 /* ForumViewController.swift */; };
		83407ABA1B80219E00F1F343 /* Main.storyboard in Resources */ = {isa = PBXBuildFile; fileRef = 83407AB81B80219E00F1F343 /* Main.storyboard */; };
		83407ABC1B80219E00F1F343 /* Images.xcassets in Resources */ = {isa = PBXBuildFile; fileRef = 83407ABB1B80219E00F1F343 /* Images.xcassets */; };
		83407ABF1B80219E00F1F343 /* LaunchScreen.xib in Resources */ = {isa = PBXBuildFile; fileRef = 83407ABD1B80219E00F1F343 /* LaunchScreen.xib */; };
		83407AE01B80636A00F1F343 /* Bullitt.framework in Frameworks */ = {isa = PBXBuildFile; fileRef = 83407ADF1B80636A00F1F343 /* Bullitt.framework */; };
		83407AED1B8123D400F1F343 /* ThreadViewController.swift in Sources */ = {isa = PBXBuildFile; fileRef = 83407AEC1B8123D400F1F343 /* ThreadViewController.swift */; };
		83407AEF1B818F8200F1F343 /* PostViewController.swift in Sources */ = {isa = PBXBuildFile; fileRef = 83407AEE1B818F8200F1F343 /* PostViewController.swift */; };
/* End PBXBuildFile section */

/* Begin PBXFileReference section */
		83407AAF1B80219E00F1F343 /* Sample Project.app */ = {isa = PBXFileReference; explicitFileType = wrapper.application; includeInIndex = 0; path = "Sample Project.app"; sourceTree = BUILT_PRODUCTS_DIR; };
		83407AB31B80219E00F1F343 /* Info.plist */ = {isa = PBXFileReference; lastKnownFileType = text.plist.xml; path = Info.plist; sourceTree = "<group>"; };
		83407AB41B80219E00F1F343 /* AppDelegate.swift */ = {isa = PBXFileReference; lastKnownFileType = sourcecode.swift; path = AppDelegate.swift; sourceTree = "<group>"; };
		83407AB61B80219E00F1F343 /* ForumViewController.swift */ = {isa = PBXFileReference; lastKnownFileType = sourcecode.swift; path = ForumViewController.swift; sourceTree = "<group>"; };
		83407AB91B80219E00F1F343 /* Base */ = {isa = PBXFileReference; lastKnownFileType = file.storyboard; name = Base; path = Base.lproj/Main.storyboard; sourceTree = "<group>"; };
		83407ABB1B80219E00F1F343 /* Images.xcassets */ = {isa = PBXFileReference; lastKnownFileType = folder.assetcatalog; path = Images.xcassets; sourceTree = "<group>"; };
		83407ABE1B80219E00F1F343 /* Base */ = {isa = PBXFileReference; lastKnownFileType = file.xib; name = Base; path = Base.lproj/LaunchScreen.xib; sourceTree = "<group>"; };
		83407ADF1B80636A00F1F343 /* Bullitt.framework */ = {isa = PBXFileReference; lastKnownFileType = wrapper.framework; name = Bullitt.framework; path = "../../build/Debug-iphoneos/Bullitt.framework"; sourceTree = "<group>"; };
		83407AEC1B8123D400F1F343 /* ThreadViewController.swift */ = {isa = PBXFileReference; fileEncoding = 4; lastKnownFileType = sourcecode.swift; path = ThreadViewController.swift; sourceTree = "<group>"; };
		83407AEE1B818F8200F1F343 /* PostViewController.swift */ = {isa = PBXFileReference; fileEncoding = 4; lastKnownFileType = sourcecode.swift; path = PostViewController.swift; sourceTree = "<group>"; };
/* End PBXFileReference section */

/* Begin PBXFrameworksBuildPhase section */
		83407AAC1B80219E00F1F343 /* Frameworks */ = {
			isa = PBXFrameworksBuildPhase;
			buildActionMask = 2147483647;
			files = (
				83407AE01B80636A00F1F343 /* Bullitt.framework in Frameworks */,
			);
			runOnlyForDeploymentPostprocessing = 0;
		};
/* End PBXFrameworksBuildPhase section */

/* Begin PBXGroup section */
		83407AA61B80219E00F1F343 = {
			isa = PBXGroup;
			children = (
				83407AB11B80219E00F1F343 /* Sample Project */,
				83407AB01B80219E00F1F343 /* Products */,
			);
			sourceTree = "<group>";
		};
		83407AB01B80219E00F1F343 /* Products */ = {
			isa = PBXGroup;
			children = (
				83407AAF1B80219E00F1F343 /* Sample Project.app */,
			);
			name = Products;
			sourceTree = "<group>";
		};
		83407AB11B80219E00F1F343 /* Sample Project */ = {
			isa = PBXGroup;
			children = (
				83407AB41B80219E00F1F343 /* AppDelegate.swift */,
				83407AB61B80219E00F1F343 /* ForumViewController.swift */,
				83407AEC1B8123D400F1F343 /* ThreadViewController.swift */,
				83407AEE1B818F8200F1F343 /* PostViewController.swift */,
				83407AB81B80219E00F1F343 /* Main.storyboard */,
				83407ABB1B80219E00F1F343 /* Images.xcassets */,
				83407ABD1B80219E00F1F343 /* LaunchScreen.xib */,
				83407AE11B80637A00F1F343 /* Frameworks */,
				83407AB21B80219E00F1F343 /* Supporting Files */,
			);
			path = "Sample Project";
			sourceTree = "<group>";
		};
		83407AB21B80219E00F1F343 /* Supporting Files */ = {
			isa = PBXGroup;
			children = (
				83407AB31B80219E00F1F343 /* Info.plist */,
			);
			name = "Supporting Files";
			sourceTree = "<group>";
		};
		83407AE11B80637A00F1F343 /* Frameworks */ = {
			isa = PBXGroup;
			children = (
				83407ADF1B80636A00F1F343 /* Bullitt.framework */,
			);
			name = Frameworks;
			sourceTree = "<group>";
		};
/* End PBXGroup section */

/* Begin PBXNativeTarget section */
		83407AAE1B80219E00F1F343 /* Sample Project */ = {
			isa = PBXNativeTarget;
			buildConfigurationList = 83407ACE1B80219E00F1F343 /* Build configuration list for PBXNativeTarget "Sample Project" */;
			buildPhases = (
				83407AAB1B80219E00F1F343 /* Sources */,
				83407AAC1B80219E00F1F343 /* Frameworks */,
				83407AAD1B80219E00F1F343 /* Resources */,
			);
			buildRules = (
			);
			dependencies = (
			);
			name = "Sample Project";
			productName = "Bullitt Sample Project";
			productReference = 83407AAF1B80219E00F1F343 /* Sample Project.app */;
			productType = "com.apple.product-type.application";
		};
/* End PBXNativeTarget section */

/* Begin PBXProject section */
		83407AA71B80219E00F1F343 /* Project object */ = {
			isa = PBXProject;
			attributes = {
				LastUpgradeCheck = 0640;
				ORGANIZATIONNAME = "Chris Haugli";
				TargetAttributes = {
					83407AAE1B80219E00F1F343 = {
						CreatedOnToolsVersion = 6.4;
					};
				};
			};
			buildConfigurationList = 83407AAA1B80219E00F1F343 /* Build configuration list for PBXProject "Sample Project" */;
			compatibilityVersion = "Xcode 3.2";
			developmentRegion = English;
			hasScannedForEncodings = 0;
			knownRegions = (
				en,
				Base,
			);
			mainGroup = 83407AA61B80219E00F1F343;
			productRefGroup = 83407AB01B80219E00F1F343 /* Products */;
			projectDirPath = "";
			projectRoot = "";
			targets = (
				83407AAE1B80219E00F1F343 /* Sample Project */,
			);
		};
/* End PBXProject section */

/* Begin PBXResourcesBuildPhase section */
		83407AAD1B80219E00F1F343 /* Resources */ = {
			isa = PBXResourcesBuildPhase;
			buildActionMask = 2147483647;
			files = (
				83407ABA1B80219E00F1F343 /* Main.storyboard in Resources */,
				83407ABF1B80219E00F1F343 /* LaunchScreen.xib in Resources */,
				83407ABC1B80219E00F1F343 /* Images.xcassets in Resources */,
			);
			runOnlyForDeploymentPostprocessing = 0;
		};
/* End PBXResourcesBuildPhase section */

/* Begin PBXSourcesBuildPhase section */
		83407AAB1B80219E00F1F343 /* Sources */ = {
			isa = PBXSourcesBuildPhase;
			buildActionMask = 2147483647;
			files = (
				83407AEF1B818F8200F1F343 /* PostViewController.swift in Sources */,
				83407AB71B80219E00F1F343 /* ForumViewController.swift in Sources */,
				83407AB51B80219E00F1F343 /* AppDelegate.swift in Sources */,
				83407AED1B8123D400F1F343 /* ThreadViewController.swift in Sources */,
			);
			runOnlyForDeploymentPostprocessing = 0;
		};
/* End PBXSourcesBuildPhase section */

/* Begin PBXVariantGroup section */
		83407AB81B80219E00F1F343 /* Main.storyboard */ = {
			isa = PBXVariantGroup;
			children = (
				83407AB91B80219E00F1F343 /* Base */,
			);
			name = Main.storyboard;
			sourceTree = "<group>";
		};
		83407ABD1B80219E00F1F343 /* LaunchScreen.xib */ = {
			isa = PBXVariantGroup;
			children = (
				83407ABE1B80219E00F1F343 /* Base */,
			);
			name = LaunchScreen.xib;
			sourceTree = "<group>";
		};
/* End PBXVariantGroup section */

/* Begin XCBuildConfiguration section */
		83407ACC1B80219E00F1F343 /* Debug */ = {
			isa = XCBuildConfiguration;
			buildSettings = {
				ALWAYS_SEARCH_USER_PATHS = NO;
				CLANG_CXX_LANGUAGE_STANDARD = "gnu++0x";
				CLANG_CXX_LIBRARY = "libc++";
				CLANG_ENABLE_MODULES = YES;
				CLANG_ENABLE_OBJC_ARC = YES;
				CLANG_WARN_BOOL_CONVERSION = YES;
				CLANG_WARN_CONSTANT_CONVERSION = YES;
				CLANG_WARN_DIRECT_OBJC_ISA_USAGE = YES_ERROR;
				CLANG_WARN_EMPTY_BODY = YES;
				CLANG_WARN_ENUM_CONVERSION = YES;
				CLANG_WARN_INT_CONVERSION = YES;
				CLANG_WARN_OBJC_ROOT_CLASS = YES_ERROR;
				CLANG_WARN_UNREACHABLE_CODE = YES;
				CLANG_WARN__DUPLICATE_METHOD_MATCH = YES;
				"CODE_SIGN_IDENTITY[sdk=iphoneos*]" = "iPhone Developer";
				COPY_PHASE_STRIP = NO;
				DEBUG_INFORMATION_FORMAT = "dwarf-with-dsym";
				ENABLE_STRICT_OBJC_MSGSEND = YES;
				GCC_C_LANGUAGE_STANDARD = gnu99;
				GCC_DYNAMIC_NO_PIC = NO;
				GCC_NO_COMMON_BLOCKS = YES;
				GCC_OPTIMIZATION_LEVEL = 0;
				GCC_PREPROCESSOR_DEFINITIONS = (
					"DEBUG=1",
					"$(inherited)",
				);
				GCC_SYMBOLS_PRIVATE_EXTERN = NO;
				GCC_WARN_64_TO_32_BIT_CONVERSION = YES;
				GCC_WARN_ABOUT_RETURN_TYPE = YES_ERROR;
				GCC_WARN_UNDECLARED_SELECTOR = YES;
				GCC_WARN_UNINITIALIZED_AUTOS = YES_AGGRESSIVE;
				GCC_WARN_UNUSED_FUNCTION = YES;
				GCC_WARN_UNUSED_VARIABLE = YES;
				IPHONEOS_DEPLOYMENT_TARGET = 8.4;
				MTL_ENABLE_DEBUG_INFO = YES;
				ONLY_ACTIVE_ARCH = YES;
				SDKROOT = iphoneos;
				SWIFT_OPTIMIZATION_LEVEL = "-Onone";
			};
			name = Debug;
		};
		83407ACD1B80219E00F1F343 /* Release */ = {
			isa = XCBuildConfiguration;
			buildSettings = {
				ALWAYS_SEARCH_USER_PATHS = NO;
				CLANG_CXX_LANGUAGE_STANDARD = "gnu++0x";
				CLANG_CXX_LIBRARY = "libc++";
				CLANG_ENABLE_MODULES = YES;
				CLANG_ENABLE_OBJC_ARC = YES;
				CLANG_WARN_BOOL_CONVERSION = YES;
				CLANG_WARN_CONSTANT_CONVERSION = YES;
				CLANG_WARN_DIRECT_OBJC_ISA_USAGE = YES_ERROR;
				CLANG_WARN_EMPTY_BODY = YES;
				CLANG_WARN_ENUM_CONVERSION = YES;
				CLANG_WARN_INT_CONVERSION = YES;
				CLANG_WARN_OBJC_ROOT_CLASS = YES_ERROR;
				CLANG_WARN_UNREACHABLE_CODE = YES;
				CLANG_WARN__DUPLICATE_METHOD_MATCH = YES;
				"CODE_SIGN_IDENTITY[sdk=iphoneos*]" = "iPhone Developer";
				COPY_PHASE_STRIP = NO;
				DEBUG_INFORMATION_FORMAT = "dwarf-with-dsym";
				ENABLE_NS_ASSERTIONS = NO;
				ENABLE_STRICT_OBJC_MSGSEND = YES;
				GCC_C_LANGUAGE_STANDARD = gnu99;
				GCC_NO_COMMON_BLOCKS = YES;
				GCC_WARN_64_TO_32_BIT_CONVERSION = YES;
				GCC_WARN_ABOUT_RETURN_TYPE = YES_ERROR;
				GCC_WARN_UNDECLARED_SELECTOR = YES;
				GCC_WARN_UNINITIALIZED_AUTOS = YES_AGGRESSIVE;
				GCC_WARN_UNUSED_FUNCTION = YES;
				GCC_WARN_UNUSED_VARIABLE = YES;
				IPHONEOS_DEPLOYMENT_TARGET = 8.4;
				MTL_ENABLE_DEBUG_INFO = NO;
				SDKROOT = iphoneos;
				VALIDATE_PRODUCT = YES;
			};
			name = Release;
		};
		83407ACF1B80219E00F1F343 /* Debug */ = {
			isa = XCBuildConfiguration;
			buildSettings = {
				ASSETCATALOG_COMPILER_APPICON_NAME = AppIcon;
				FRAMEWORK_SEARCH_PATHS = (
					"$(inherited)",
					"/Users/chris/Dropbox/Projects/Bullitt/build/Debug-iphoneos",
				);
				INFOPLIST_FILE = "Sample Project/Info.plist";
				LD_RUNPATH_SEARCH_PATHS = "$(inherited) @executable_path/Frameworks";
				PRODUCT_NAME = "Sample Project";
				SWIFT_INCLUDE_PATHS = ../CommonCrypto;
			};
			name = Debug;
		};
		83407AD01B80219E00F1F343 /* Release */ = {
			isa = XCBuildConfiguration;
			buildSettings = {
				ASSETCATALOG_COMPILER_APPICON_NAME = AppIcon;
				FRAMEWORK_SEARCH_PATHS = (
					"$(inherited)",
					"/Users/chris/Dropbox/Projects/Bullitt/build/Debug-iphoneos",
				);
				INFOPLIST_FILE = "Sample Project/Info.plist";
				LD_RUNPATH_SEARCH_PATHS = "$(inherited) @executable_path/Frameworks";
				PRODUCT_NAME = "Sample Project";
				SWIFT_INCLUDE_PATHS = ../CommonCrypto;
			};
			name = Release;
		};
/* End XCBuildConfiguration section */

/* Begin XCConfigurationList section */
		83407AAA1B80219E00F1F343 /* Build configuration list for PBXProject "Sample Project" */ = {
			isa = XCConfigurationList;
			buildConfigurations = (
				83407ACC1B80219E00F1F343 /* Debug */,
				83407ACD1B80219E00F1F343 /* Release */,
			);
			defaultConfigurationIsVisible = 0;
			defaultConfigurationName = Release;
		};
		83407ACE1B80219E00F1F343 /* Build configuration list for PBXNativeTarget "Sample Project" */ = {
			isa = XCConfigurationList;
			buildConfigurations = (
				83407ACF1B80219E00F1F343 /* Debug */,
				83407AD01B80219E00F1F343 /* Release */,
			);
			defaultConfigurationIsVisible = 0;
			defaultConfigurationName = Release;
		};
/* End XCConfigurationList section */
	};
	rootObject = 83407AA71B80219E00F1F343 /* Project object */;
}
